// !$*UTF8*$!
{
	archiveVersion = 1;
	classes = {
	};
	objectVersion = 56;
	objects = {

/* Begin PBXBuildFile section */
		D03EEBA72A52813500552365 /* CategoryData.swift in Sources */ = {isa = PBXBuildFile; fileRef = D03EEBA62A52813500552365 /* CategoryData.swift */; };
		D03EEBAA2A52966500552365 /* GCDView.swift in Sources */ = {isa = PBXBuildFile; fileRef = D03EEBA92A52966500552365 /* GCDView.swift */; };
		D03EEBAE2A552D9F00552365 /* DispatchBackgroundQueueButtonView.swift in Sources */ = {isa = PBXBuildFile; fileRef = D03EEBAD2A552D9F00552365 /* DispatchBackgroundQueueButtonView.swift */; };
		D03EEBB02A55382E00552365 /* DispatchMainQueueButtonView.swift in Sources */ = {isa = PBXBuildFile; fileRef = D03EEBAF2A55382E00552365 /* DispatchMainQueueButtonView.swift */; };
		D04294522A4BC79900CA035C /* ConceptsApp.swift in Sources */ = {isa = PBXBuildFile; fileRef = D04294512A4BC79900CA035C /* ConceptsApp.swift */; };
		D04294542A4BC79900CA035C /* ContentView.swift in Sources */ = {isa = PBXBuildFile; fileRef = D04294532A4BC79900CA035C /* ContentView.swift */; };
		D04294562A4BC79A00CA035C /* Assets.xcassets in Resources */ = {isa = PBXBuildFile; fileRef = D04294552A4BC79A00CA035C /* Assets.xcassets */; };
		D04294592A4BC79A00CA035C /* Preview Assets.xcassets in Resources */ = {isa = PBXBuildFile; fileRef = D04294582A4BC79A00CA035C /* Preview Assets.xcassets */; };
		D04294602A4BCA8F00CA035C /* CodeBlockView.swift in Sources */ = {isa = PBXBuildFile; fileRef = D042945F2A4BCA8F00CA035C /* CodeBlockView.swift */; };
		D04294632A4BCB6C00CA035C /* Highlight.swift in Sources */ = {isa = PBXBuildFile; fileRef = D04294622A4BCB6C00CA035C /* Highlight.swift */; };
		D04294652A4BCB7E00CA035C /* SearchSet.swift in Sources */ = {isa = PBXBuildFile; fileRef = D04294642A4BCB7E00CA035C /* SearchSet.swift */; };
		D04294672A4BCB9100CA035C /* StringExtension.swift in Sources */ = {isa = PBXBuildFile; fileRef = D04294662A4BCB9100CA035C /* StringExtension.swift */; };
		D042946A2A4BCED300CA035C /* ConceptTileView.swift in Sources */ = {isa = PBXBuildFile; fileRef = D04294692A4BCED300CA035C /* ConceptTileView.swift */; };
		D042946C2A4BDE0F00CA035C /* TitleTextView.swift in Sources */ = {isa = PBXBuildFile; fileRef = D042946B2A4BDE0F00CA035C /* TitleTextView.swift */; };
		D042946E2A4BE21500CA035C /* SubtitleTextView.swift in Sources */ = {isa = PBXBuildFile; fileRef = D042946D2A4BE21500CA035C /* SubtitleTextView.swift */; };
		D04294712A52566800CA035C /* Card.swift in Sources */ = {isa = PBXBuildFile; fileRef = D04294702A52566800CA035C /* Card.swift */; };
		D042947A2A52676700CA035C /* CategoryModel.swift in Sources */ = {isa = PBXBuildFile; fileRef = D04294792A52676700CA035C /* CategoryModel.swift */; };
/* End PBXBuildFile section */

/* Begin PBXFileReference section */
		D03EEBA62A52813500552365 /* CategoryData.swift */ = {isa = PBXFileReference; lastKnownFileType = sourcecode.swift; path = CategoryData.swift; sourceTree = "<group>"; };
		D03EEBA92A52966500552365 /* GCDView.swift */ = {isa = PBXFileReference; lastKnownFileType = sourcecode.swift; path = GCDView.swift; sourceTree = "<group>"; };
		D03EEBAD2A552D9F00552365 /* DispatchBackgroundQueueButtonView.swift */ = {isa = PBXFileReference; lastKnownFileType = sourcecode.swift; path = DispatchBackgroundQueueButtonView.swift; sourceTree = "<group>"; };
		D03EEBAF2A55382E00552365 /* DispatchMainQueueButtonView.swift */ = {isa = PBXFileReference; lastKnownFileType = sourcecode.swift; path = DispatchMainQueueButtonView.swift; sourceTree = "<group>"; };
		D042944E2A4BC79900CA035C /* Concepts.app */ = {isa = PBXFileReference; explicitFileType = wrapper.application; includeInIndex = 0; path = Concepts.app; sourceTree = BUILT_PRODUCTS_DIR; };
		D04294512A4BC79900CA035C /* ConceptsApp.swift */ = {isa = PBXFileReference; lastKnownFileType = sourcecode.swift; path = ConceptsApp.swift; sourceTree = "<group>"; };
		D04294532A4BC79900CA035C /* ContentView.swift */ = {isa = PBXFileReference; lastKnownFileType = sourcecode.swift; path = ContentView.swift; sourceTree = "<group>"; };
		D04294552A4BC79A00CA035C /* Assets.xcassets */ = {isa = PBXFileReference; lastKnownFileType = folder.assetcatalog; path = Assets.xcassets; sourceTree = "<group>"; };
		D04294582A4BC79A00CA035C /* Preview Assets.xcassets */ = {isa = PBXFileReference; lastKnownFileType = folder.assetcatalog; path = "Preview Assets.xcassets"; sourceTree = "<group>"; };
		D042945F2A4BCA8F00CA035C /* CodeBlockView.swift */ = {isa = PBXFileReference; lastKnownFileType = sourcecode.swift; path = CodeBlockView.swift; sourceTree = "<group>"; };
		D04294622A4BCB6C00CA035C /* Highlight.swift */ = {isa = PBXFileReference; lastKnownFileType = sourcecode.swift; path = Highlight.swift; sourceTree = "<group>"; };
		D04294642A4BCB7E00CA035C /* SearchSet.swift */ = {isa = PBXFileReference; lastKnownFileType = sourcecode.swift; path = SearchSet.swift; sourceTree = "<group>"; };
		D04294662A4BCB9100CA035C /* StringExtension.swift */ = {isa = PBXFileReference; lastKnownFileType = sourcecode.swift; path = StringExtension.swift; sourceTree = "<group>"; };
		D04294692A4BCED300CA035C /* ConceptTileView.swift */ = {isa = PBXFileReference; lastKnownFileType = sourcecode.swift; path = ConceptTileView.swift; sourceTree = "<group>"; };
		D042946B2A4BDE0F00CA035C /* TitleTextView.swift */ = {isa = PBXFileReference; lastKnownFileType = sourcecode.swift; path = TitleTextView.swift; sourceTree = "<group>"; };
		D042946D2A4BE21500CA035C /* SubtitleTextView.swift */ = {isa = PBXFileReference; lastKnownFileType = sourcecode.swift; path = SubtitleTextView.swift; sourceTree = "<group>"; };
		D04294702A52566800CA035C /* Card.swift */ = {isa = PBXFileReference; lastKnownFileType = sourcecode.swift; path = Card.swift; sourceTree = "<group>"; };
		D04294792A52676700CA035C /* CategoryModel.swift */ = {isa = PBXFileReference; lastKnownFileType = sourcecode.swift; path = CategoryModel.swift; sourceTree = "<group>"; };
/* End PBXFileReference section */

/* Begin PBXFrameworksBuildPhase section */
		D042944B2A4BC79900CA035C /* Frameworks */ = {
			isa = PBXFrameworksBuildPhase;
			buildActionMask = 2147483647;
			files = (
			);
			runOnlyForDeploymentPostprocessing = 0;
		};
/* End PBXFrameworksBuildPhase section */

/* Begin PBXGroup section */
		D03EEBA82A52965100552365 /* Views */ = {
			isa = PBXGroup;
			children = (
				D03EEBA92A52966500552365 /* GCDView.swift */,
			);
			path = Views;
			sourceTree = "<group>";
		};
		D04294452A4BC79900CA035C = {
			isa = PBXGroup;
			children = (
				D04294502A4BC79900CA035C /* Concepts */,
				D042944F2A4BC79900CA035C /* Products */,
			);
			sourceTree = "<group>";
		};
		D042944F2A4BC79900CA035C /* Products */ = {
			isa = PBXGroup;
			children = (
				D042944E2A4BC79900CA035C /* Concepts.app */,
			);
			name = Products;
			sourceTree = "<group>";
		};
		D04294502A4BC79900CA035C /* Concepts */ = {
			isa = PBXGroup;
			children = (
				D03EEBA82A52965100552365 /* Views */,
				D042947B2A527A2900CA035C /* Helpers */,
				D04294782A52675B00CA035C /* Models */,
				D04294752A52660A00CA035C /* Data */,
				D04294722A52573600CA035C /* Extensions */,
				D042946F2A52564E00CA035C /* ViewModifiers */,
				D04294682A4BCEB500CA035C /* Components */,
				D04294512A4BC79900CA035C /* ConceptsApp.swift */,
				D04294532A4BC79900CA035C /* ContentView.swift */,
				D04294552A4BC79A00CA035C /* Assets.xcassets */,
				D04294572A4BC79A00CA035C /* Preview Content */,
			);
			path = Concepts;
			sourceTree = "<group>";
		};
		D04294572A4BC79A00CA035C /* Preview Content */ = {
			isa = PBXGroup;
			children = (
				D04294582A4BC79A00CA035C /* Preview Assets.xcassets */,
			);
			path = "Preview Content";
			sourceTree = "<group>";
		};
		D04294612A4BCB4B00CA035C /* CodeBlockView */ = {
			isa = PBXGroup;
			children = (
				D042945F2A4BCA8F00CA035C /* CodeBlockView.swift */,
				D04294622A4BCB6C00CA035C /* Highlight.swift */,
				D04294642A4BCB7E00CA035C /* SearchSet.swift */,
				D04294662A4BCB9100CA035C /* StringExtension.swift */,
			);
			path = CodeBlockView;
			sourceTree = "<group>";
		};
		D04294682A4BCEB500CA035C /* Components */ = {
			isa = PBXGroup;
			children = (
				D04294612A4BCB4B00CA035C /* CodeBlockView */,
				D04294692A4BCED300CA035C /* ConceptTileView.swift */,
				D042946B2A4BDE0F00CA035C /* TitleTextView.swift */,
				D042946D2A4BE21500CA035C /* SubtitleTextView.swift */,
				D03EEBAD2A552D9F00552365 /* DispatchBackgroundQueueButtonView.swift */,
				D03EEBAF2A55382E00552365 /* DispatchMainQueueButtonView.swift */,
			);
			path = Components;
			sourceTree = "<group>";
		};
		D042946F2A52564E00CA035C /* ViewModifiers */ = {
			isa = PBXGroup;
			children = (
				D04294702A52566800CA035C /* Card.swift */,
			);
			path = ViewModifiers;
			sourceTree = "<group>";
		};
		D04294722A52573600CA035C /* Extensions */ = {
			isa = PBXGroup;
			children = (
			);
			path = Extensions;
			sourceTree = "<group>";
		};
		D04294752A52660A00CA035C /* Data */ = {
			isa = PBXGroup;
			children = (
				D03EEBA62A52813500552365 /* CategoryData.swift */,
			);
			path = Data;
			sourceTree = "<group>";
		};
		D04294782A52675B00CA035C /* Models */ = {
			isa = PBXGroup;
			children = (
				D04294792A52676700CA035C /* CategoryModel.swift */,
			);
			path = Models;
			sourceTree = "<group>";
		};
		D042947B2A527A2900CA035C /* Helpers */ = {
			isa = PBXGroup;
			children = (
			);
			path = Helpers;
			sourceTree = "<group>";
		};
/* End PBXGroup section */

/* Begin PBXNativeTarget section */
		D042944D2A4BC79900CA035C /* Concepts */ = {
			isa = PBXNativeTarget;
			buildConfigurationList = D042945C2A4BC79A00CA035C /* Build configuration list for PBXNativeTarget "Concepts" */;
			buildPhases = (
				D042944A2A4BC79900CA035C /* Sources */,
				D042944B2A4BC79900CA035C /* Frameworks */,
				D042944C2A4BC79900CA035C /* Resources */,
			);
			buildRules = (
			);
			dependencies = (
			);
			name = Concepts;
			productName = Concepts;
			productReference = D042944E2A4BC79900CA035C /* Concepts.app */;
			productType = "com.apple.product-type.application";
		};
/* End PBXNativeTarget section */

/* Begin PBXProject section */
		D04294462A4BC79900CA035C /* Project object */ = {
			isa = PBXProject;
			attributes = {
				BuildIndependentTargetsInParallel = 1;
				LastSwiftUpdateCheck = 1430;
				LastUpgradeCheck = 1430;
				TargetAttributes = {
					D042944D2A4BC79900CA035C = {
						CreatedOnToolsVersion = 14.3.1;
					};
				};
			};
			buildConfigurationList = D04294492A4BC79900CA035C /* Build configuration list for PBXProject "Concepts" */;
			compatibilityVersion = "Xcode 14.0";
			developmentRegion = en;
			hasScannedForEncodings = 0;
			knownRegions = (
				en,
				Base,
			);
			mainGroup = D04294452A4BC79900CA035C;
			productRefGroup = D042944F2A4BC79900CA035C /* Products */;
			projectDirPath = "";
			projectRoot = "";
			targets = (
				D042944D2A4BC79900CA035C /* Concepts */,
			);
		};
/* End PBXProject section */

/* Begin PBXResourcesBuildPhase section */
		D042944C2A4BC79900CA035C /* Resources */ = {
			isa = PBXResourcesBuildPhase;
			buildActionMask = 2147483647;
			files = (
				D04294592A4BC79A00CA035C /* Preview Assets.xcassets in Resources */,
				D04294562A4BC79A00CA035C /* Assets.xcassets in Resources */,
			);
			runOnlyForDeploymentPostprocessing = 0;
		};
/* End PBXResourcesBuildPhase section */

/* Begin PBXSourcesBuildPhase section */
		D042944A2A4BC79900CA035C /* Sources */ = {
			isa = PBXSourcesBuildPhase;
			buildActionMask = 2147483647;
			files = (
				D042946C2A4BDE0F00CA035C /* TitleTextView.swift in Sources */,
				D03EEBA72A52813500552365 /* CategoryData.swift in Sources */,
				D03EEBAE2A552D9F00552365 /* DispatchBackgroundQueueButtonView.swift in Sources */,
				D042947A2A52676700CA035C /* CategoryModel.swift in Sources */,
				D04294602A4BCA8F00CA035C /* CodeBlockView.swift in Sources */,
				D04294542A4BC79900CA035C /* ContentView.swift in Sources */,
				D042946A2A4BCED300CA035C /* ConceptTileView.swift in Sources */,
				D04294672A4BCB9100CA035C /* StringExtension.swift in Sources */,
				D04294652A4BCB7E00CA035C /* SearchSet.swift in Sources */,
				D04294632A4BCB6C00CA035C /* Highlight.swift in Sources */,
				D04294712A52566800CA035C /* Card.swift in Sources */,
				D042946E2A4BE21500CA035C /* SubtitleTextView.swift in Sources */,
				D03EEBB02A55382E00552365 /* DispatchMainQueueButtonView.swift in Sources */,
				D04294522A4BC79900CA035C /* ConceptsApp.swift in Sources */,
				D03EEBAA2A52966500552365 /* GCDView.swift in Sources */,
			);
			runOnlyForDeploymentPostprocessing = 0;
		};
/* End PBXSourcesBuildPhase section */

/* Begin XCBuildConfiguration section */
		D042945A2A4BC79A00CA035C /* Debug */ = {
			isa = XCBuildConfiguration;
			buildSettings = {
				ALWAYS_SEARCH_USER_PATHS = NO;
				CLANG_ANALYZER_NONNULL = YES;
				CLANG_ANALYZER_NUMBER_OBJECT_CONVERSION = YES_AGGRESSIVE;
				CLANG_CXX_LANGUAGE_STANDARD = "gnu++20";
				CLANG_ENABLE_MODULES = YES;
				CLANG_ENABLE_OBJC_ARC = YES;
				CLANG_ENABLE_OBJC_WEAK = YES;
				CLANG_WARN_BLOCK_CAPTURE_AUTORELEASING = YES;
				CLANG_WARN_BOOL_CONVERSION = YES;
				CLANG_WARN_COMMA = YES;
				CLANG_WARN_CONSTANT_CONVERSION = YES;
				CLANG_WARN_DEPRECATED_OBJC_IMPLEMENTATIONS = YES;
				CLANG_WARN_DIRECT_OBJC_ISA_USAGE = YES_ERROR;
				CLANG_WARN_DOCUMENTATION_COMMENTS = YES;
				CLANG_WARN_EMPTY_BODY = YES;
				CLANG_WARN_ENUM_CONVERSION = YES;
				CLANG_WARN_INFINITE_RECURSION = YES;
				CLANG_WARN_INT_CONVERSION = YES;
				CLANG_WARN_NON_LITERAL_NULL_CONVERSION = YES;
				CLANG_WARN_OBJC_IMPLICIT_RETAIN_SELF = YES;
				CLANG_WARN_OBJC_LITERAL_CONVERSION = YES;
				CLANG_WARN_OBJC_ROOT_CLASS = YES_ERROR;
				CLANG_WARN_QUOTED_INCLUDE_IN_FRAMEWORK_HEADER = YES;
				CLANG_WARN_RANGE_LOOP_ANALYSIS = YES;
				CLANG_WARN_STRICT_PROTOTYPES = YES;
				CLANG_WARN_SUSPICIOUS_MOVE = YES;
				CLANG_WARN_UNGUARDED_AVAILABILITY = YES_AGGRESSIVE;
				CLANG_WARN_UNREACHABLE_CODE = YES;
				CLANG_WARN__DUPLICATE_METHOD_MATCH = YES;
				COPY_PHASE_STRIP = NO;
				DEBUG_INFORMATION_FORMAT = dwarf;
				ENABLE_STRICT_OBJC_MSGSEND = YES;
				ENABLE_TESTABILITY = YES;
				GCC_C_LANGUAGE_STANDARD = gnu11;
				GCC_DYNAMIC_NO_PIC = NO;
				GCC_NO_COMMON_BLOCKS = YES;
				GCC_OPTIMIZATION_LEVEL = 0;
				GCC_PREPROCESSOR_DEFINITIONS = (
					"DEBUG=1",
					"$(inherited)",
				);
				GCC_WARN_64_TO_32_BIT_CONVERSION = YES;
				GCC_WARN_ABOUT_RETURN_TYPE = YES_ERROR;
				GCC_WARN_UNDECLARED_SELECTOR = YES;
				GCC_WARN_UNINITIALIZED_AUTOS = YES_AGGRESSIVE;
				GCC_WARN_UNUSED_FUNCTION = YES;
				GCC_WARN_UNUSED_VARIABLE = YES;
				IPHONEOS_DEPLOYMENT_TARGET = 16.4;
				MTL_ENABLE_DEBUG_INFO = INCLUDE_SOURCE;
				MTL_FAST_MATH = YES;
				ONLY_ACTIVE_ARCH = YES;
				SDKROOT = iphoneos;
				SWIFT_ACTIVE_COMPILATION_CONDITIONS = DEBUG;
				SWIFT_OPTIMIZATION_LEVEL = "-Onone";
			};
			name = Debug;
		};
		D042945B2A4BC79A00CA035C /* Release */ = {
			isa = XCBuildConfiguration;
			buildSettings = {
				ALWAYS_SEARCH_USER_PATHS = NO;
				CLANG_ANALYZER_NONNULL = YES;
				CLANG_ANALYZER_NUMBER_OBJECT_CONVERSION = YES_AGGRESSIVE;
				CLANG_CXX_LANGUAGE_STANDARD = "gnu++20";
				CLANG_ENABLE_MODULES = YES;
				CLANG_ENABLE_OBJC_ARC = YES;
				CLANG_ENABLE_OBJC_WEAK = YES;
				CLANG_WARN_BLOCK_CAPTURE_AUTORELEASING = YES;
				CLANG_WARN_BOOL_CONVERSION = YES;
				CLANG_WARN_COMMA = YES;
				CLANG_WARN_CONSTANT_CONVERSION = YES;
				CLANG_WARN_DEPRECATED_OBJC_IMPLEMENTATIONS = YES;
				CLANG_WARN_DIRECT_OBJC_ISA_USAGE = YES_ERROR;
				CLANG_WARN_DOCUMENTATION_COMMENTS = YES;
				CLANG_WARN_EMPTY_BODY = YES;
				CLANG_WARN_ENUM_CONVERSION = YES;
				CLANG_WARN_INFINITE_RECURSION = YES;
				CLANG_WARN_INT_CONVERSION = YES;
				CLANG_WARN_NON_LITERAL_NULL_CONVERSION = YES;
				CLANG_WARN_OBJC_IMPLICIT_RETAIN_SELF = YES;
				CLANG_WARN_OBJC_LITERAL_CONVERSION = YES;
				CLANG_WARN_OBJC_ROOT_CLASS = YES_ERROR;
				CLANG_WARN_QUOTED_INCLUDE_IN_FRAMEWORK_HEADER = YES;
				CLANG_WARN_RANGE_LOOP_ANALYSIS = YES;
				CLANG_WARN_STRICT_PROTOTYPES = YES;
				CLANG_WARN_SUSPICIOUS_MOVE = YES;
				CLANG_WARN_UNGUARDED_AVAILABILITY = YES_AGGRESSIVE;
				CLANG_WARN_UNREACHABLE_CODE = YES;
				CLANG_WARN__DUPLICATE_METHOD_MATCH = YES;
				COPY_PHASE_STRIP = NO;
				DEBUG_INFORMATION_FORMAT = "dwarf-with-dsym";
				ENABLE_NS_ASSERTIONS = NO;
				ENABLE_STRICT_OBJC_MSGSEND = YES;
				GCC_C_LANGUAGE_STANDARD = gnu11;
				GCC_NO_COMMON_BLOCKS = YES;
				GCC_WARN_64_TO_32_BIT_CONVERSION = YES;
				GCC_WARN_ABOUT_RETURN_TYPE = YES_ERROR;
				GCC_WARN_UNDECLARED_SELECTOR = YES;
				GCC_WARN_UNINITIALIZED_AUTOS = YES_AGGRESSIVE;
				GCC_WARN_UNUSED_FUNCTION = YES;
				GCC_WARN_UNUSED_VARIABLE = YES;
				IPHONEOS_DEPLOYMENT_TARGET = 16.4;
				MTL_ENABLE_DEBUG_INFO = NO;
				MTL_FAST_MATH = YES;
				SDKROOT = iphoneos;
				SWIFT_COMPILATION_MODE = wholemodule;
				SWIFT_OPTIMIZATION_LEVEL = "-O";
				VALIDATE_PRODUCT = YES;
			};
			name = Release;
		};
		D042945D2A4BC79A00CA035C /* Debug */ = {
			isa = XCBuildConfiguration;
			buildSettings = {
				ASSETCATALOG_COMPILER_APPICON_NAME = AppIcon;
				ASSETCATALOG_COMPILER_GLOBAL_ACCENT_COLOR_NAME = AccentColor;
				CODE_SIGN_STYLE = Automatic;
				CURRENT_PROJECT_VERSION = 1;
				DEVELOPMENT_ASSET_PATHS = "\"Concepts/Preview Content\"";
				DEVELOPMENT_TEAM = UL69KA454U;
				ENABLE_PREVIEWS = YES;
				GENERATE_INFOPLIST_FILE = YES;
				INFOPLIST_KEY_UIApplicationSceneManifest_Generation = YES;
				INFOPLIST_KEY_UIApplicationSupportsIndirectInputEvents = YES;
				INFOPLIST_KEY_UILaunchScreen_Generation = YES;
				INFOPLIST_KEY_UISupportedInterfaceOrientations_iPad = "UIInterfaceOrientationPortrait UIInterfaceOrientationPortraitUpsideDown UIInterfaceOrientationLandscapeLeft UIInterfaceOrientationLandscapeRight";
				INFOPLIST_KEY_UISupportedInterfaceOrientations_iPhone = "UIInterfaceOrientationPortrait UIInterfaceOrientationLandscapeLeft UIInterfaceOrientationLandscapeRight";
				LD_RUNPATH_SEARCH_PATHS = (
					"$(inherited)",
					"@executable_path/Frameworks",
				);
				MARKETING_VERSION = 1.0;
				PRODUCT_BUNDLE_IDENTIFIER = com.justinchester.Concepts;
				PRODUCT_NAME = "$(TARGET_NAME)";
				SWIFT_EMIT_LOC_STRINGS = YES;
				SWIFT_VERSION = 5.0;
				TARGETED_DEVICE_FAMILY = "1,2";
			};
			name = Debug;
		};
		D042945E2A4BC79A00CA035C /* Release */ = {
			isa = XCBuildConfiguration;
			buildSettings = {
				ASSETCATALOG_COMPILER_APPICON_NAME = AppIcon;
				ASSETCATALOG_COMPILER_GLOBAL_ACCENT_COLOR_NAME = AccentColor;
				CODE_SIGN_STYLE = Automatic;
				CURRENT_PROJECT_VERSION = 1;
				DEVELOPMENT_ASSET_PATHS = "\"Concepts/Preview Content\"";
				DEVELOPMENT_TEAM = UL69KA454U;
				ENABLE_PREVIEWS = YES;
				GENERATE_INFOPLIST_FILE = YES;
				INFOPLIST_KEY_UIApplicationSceneManifest_Generation = YES;
				INFOPLIST_KEY_UIApplicationSupportsIndirectInputEvents = YES;
				INFOPLIST_KEY_UILaunchScreen_Generation = YES;
				INFOPLIST_KEY_UISupportedInterfaceOrientations_iPad = "UIInterfaceOrientationPortrait UIInterfaceOrientationPortraitUpsideDown UIInterfaceOrientationLandscapeLeft UIInterfaceOrientationLandscapeRight";
				INFOPLIST_KEY_UISupportedInterfaceOrientations_iPhone = "UIInterfaceOrientationPortrait UIInterfaceOrientationLandscapeLeft UIInterfaceOrientationLandscapeRight";
				LD_RUNPATH_SEARCH_PATHS = (
					"$(inherited)",
					"@executable_path/Frameworks",
				);
				MARKETING_VERSION = 1.0;
				PRODUCT_BUNDLE_IDENTIFIER = com.justinchester.Concepts;
				PRODUCT_NAME = "$(TARGET_NAME)";
				SWIFT_EMIT_LOC_STRINGS = YES;
				SWIFT_VERSION = 5.0;
				TARGETED_DEVICE_FAMILY = "1,2";
			};
			name = Release;
		};
/* End XCBuildConfiguration section */

/* Begin XCConfigurationList section */
		D04294492A4BC79900CA035C /* Build configuration list for PBXProject "Concepts" */ = {
			isa = XCConfigurationList;
			buildConfigurations = (
				D042945A2A4BC79A00CA035C /* Debug */,
				D042945B2A4BC79A00CA035C /* Release */,
			);
			defaultConfigurationIsVisible = 0;
			defaultConfigurationName = Release;
		};
		D042945C2A4BC79A00CA035C /* Build configuration list for PBXNativeTarget "Concepts" */ = {
			isa = XCConfigurationList;
			buildConfigurations = (
				D042945D2A4BC79A00CA035C /* Debug */,
				D042945E2A4BC79A00CA035C /* Release */,
			);
			defaultConfigurationIsVisible = 0;
			defaultConfigurationName = Release;
		};
/* End XCConfigurationList section */
	};
	rootObject = D04294462A4BC79900CA035C /* Project object */;
}
